
Microsoft Visual Studio Solution File, Format Version 12.00
# Visual Studio 15
VisualStudioVersion = 15.0.27130.2036
MinimumVisualStudioVersion = 10.0.40219.1
Project("{8BC9CEB8-8B4A-11D0-8D11-00A0C91BC942}") = "M01_HelloWorld", "M01_HelloWorld\M01_HelloWorld.vcxproj", "{4728761B-D548-4472-89C2-50CF8187700A}"
EndProject
Project("{8BC9CEB8-8B4A-11D0-8D11-00A0C91BC942}") = "M02_EvaluatingExpressions", "M02_EvaluatingExpressions\M02_EvaluatingExpressions.vcxproj", "{753838FA-BFA6-433B-B9DF-FDD784BF5534}"
EndProject
Project("{8BC9CEB8-8B4A-11D0-8D11-00A0C91BC942}") = "M03_ControlStructures", "M03_ControlStructures\M03_ControlStructures.vcxproj", "{0B665F08-F8E4-4D4E-8018-9D60ED6E3AA9}"
EndProject
Project("{8BC9CEB8-8B4A-11D0-8D11-00A0C91BC942}") = "M03_ControlStructuresTest", "M03_ControlStructuresTest\M03_ControlStructuresTest.vcxproj", "{EB2A3FDC-E0BC-4054-A603-205A40891278}"
EndProject
Project("{8BC9CEB8-8B4A-11D0-8D11-00A0C91BC942}") = "M03_ControlStructuresApp", "M03_ControlStructuresApp\M03_ControlStructuresApp.vcxproj", "{CF4F0587-5B37-4C6E-80D3-7C114249E326}"
EndProject
Project("{8BC9CEB8-8B4A-11D0-8D11-00A0C91BC942}") = "M05_Loops", "M05_Loops\M05_Loops.vcxproj", "{EA9B3491-2592-4C31-BAF1-5458821F9495}"
EndProject
Project("{8BC9CEB8-8B4A-11D0-8D11-00A0C91BC942}") = "M06_PointersReferences", "M06_PointersReferences\M06_PointersReferences.vcxproj", "{ED0DFE5D-D9C6-4689-B01E-571D1EB7B9F0}"
EndProject
Project("{8BC9CEB8-8B4A-11D0-8D11-00A0C91BC942}") = "E01_Async", "E01_Async\E01_Async.vcxproj", "{C85AEF82-5032-4ED0-88E8-FB6F65C73FC7}"
EndProject
Project("{8BC9CEB8-8B4A-11D0-8D11-00A0C91BC942}") = "M07_Functions", "M07_Functions\M07_Functions.vcxproj", "{F5273A5E-AFC1-4B30-BE39-DEB84F642924}"
EndProject
Project("{8BC9CEB8-8B4A-11D0-8D11-00A0C91BC942}") = "M08_Classes", "M08_Classes\M08_Classes.vcxproj", "{98981D84-8498-4961-A656-273072427F51}"
EndProject
Global
	GlobalSection(SolutionConfigurationPlatforms) = preSolution
		Debug|x64 = Debug|x64
		Debug|x86 = Debug|x86
		Release|x64 = Release|x64
		Release|x86 = Release|x86
	EndGlobalSection
	GlobalSection(ProjectConfigurationPlatforms) = postSolution
		{4728761B-D548-4472-89C2-50CF8187700A}.Debug|x64.ActiveCfg = Debug|x64
		{4728761B-D548-4472-89C2-50CF8187700A}.Debug|x64.Build.0 = Debug|x64
		{4728761B-D548-4472-89C2-50CF8187700A}.Debug|x86.ActiveCfg = Debug|Win32
		{4728761B-D548-4472-89C2-50CF8187700A}.Debug|x86.Build.0 = Debug|Win32
		{4728761B-D548-4472-89C2-50CF8187700A}.Release|x64.ActiveCfg = Release|x64
		{4728761B-D548-4472-89C2-50CF8187700A}.Release|x64.Build.0 = Release|x64
		{4728761B-D548-4472-89C2-50CF8187700A}.Release|x86.ActiveCfg = Release|Win32
		{4728761B-D548-4472-89C2-50CF8187700A}.Release|x86.Build.0 = Release|Win32
		{753838FA-BFA6-433B-B9DF-FDD784BF5534}.Debug|x64.ActiveCfg = Debug|x64
		{753838FA-BFA6-433B-B9DF-FDD784BF5534}.Debug|x64.Build.0 = Debug|x64
		{753838FA-BFA6-433B-B9DF-FDD784BF5534}.Debug|x86.ActiveCfg = Debug|Win32
		{753838FA-BFA6-433B-B9DF-FDD784BF5534}.Debug|x86.Build.0 = Debug|Win32
		{753838FA-BFA6-433B-B9DF-FDD784BF5534}.Release|x64.ActiveCfg = Release|x64
		{753838FA-BFA6-433B-B9DF-FDD784BF5534}.Release|x64.Build.0 = Release|x64
		{753838FA-BFA6-433B-B9DF-FDD784BF5534}.Release|x86.ActiveCfg = Release|Win32
		{753838FA-BFA6-433B-B9DF-FDD784BF5534}.Release|x86.Build.0 = Release|Win32
		{0B665F08-F8E4-4D4E-8018-9D60ED6E3AA9}.Debug|x64.ActiveCfg = Debug|x64
		{0B665F08-F8E4-4D4E-8018-9D60ED6E3AA9}.Debug|x64.Build.0 = Debug|x64
		{0B665F08-F8E4-4D4E-8018-9D60ED6E3AA9}.Debug|x86.ActiveCfg = Debug|Win32
		{0B665F08-F8E4-4D4E-8018-9D60ED6E3AA9}.Debug|x86.Build.0 = Debug|Win32
		{0B665F08-F8E4-4D4E-8018-9D60ED6E3AA9}.Release|x64.ActiveCfg = Release|x64
		{0B665F08-F8E4-4D4E-8018-9D60ED6E3AA9}.Release|x64.Build.0 = Release|x64
		{0B665F08-F8E4-4D4E-8018-9D60ED6E3AA9}.Release|x86.ActiveCfg = Release|Win32
		{0B665F08-F8E4-4D4E-8018-9D60ED6E3AA9}.Release|x86.Build.0 = Release|Win32
		{EB2A3FDC-E0BC-4054-A603-205A40891278}.Debug|x64.ActiveCfg = Debug|x64
		{EB2A3FDC-E0BC-4054-A603-205A40891278}.Debug|x64.Build.0 = Debug|x64
		{EB2A3FDC-E0BC-4054-A603-205A40891278}.Debug|x86.ActiveCfg = Debug|Win32
		{EB2A3FDC-E0BC-4054-A603-205A40891278}.Debug|x86.Build.0 = Debug|Win32
		{EB2A3FDC-E0BC-4054-A603-205A40891278}.Release|x64.ActiveCfg = Release|x64
		{EB2A3FDC-E0BC-4054-A603-205A40891278}.Release|x64.Build.0 = Release|x64
		{EB2A3FDC-E0BC-4054-A603-205A40891278}.Release|x86.ActiveCfg = Release|Win32
		{EB2A3FDC-E0BC-4054-A603-205A40891278}.Release|x86.Build.0 = Release|Win32
		{CF4F0587-5B37-4C6E-80D3-7C114249E326}.Debug|x64.ActiveCfg = Debug|x64
		{CF4F0587-5B37-4C6E-80D3-7C114249E326}.Debug|x64.Build.0 = Debug|x64
		{CF4F0587-5B37-4C6E-80D3-7C114249E326}.Debug|x86.ActiveCfg = Debug|Win32
		{CF4F0587-5B37-4C6E-80D3-7C114249E326}.Debug|x86.Build.0 = Debug|Win32
		{CF4F0587-5B37-4C6E-80D3-7C114249E326}.Release|x64.ActiveCfg = Release|x64
		{CF4F0587-5B37-4C6E-80D3-7C114249E326}.Release|x64.Build.0 = Release|x64
		{CF4F0587-5B37-4C6E-80D3-7C114249E326}.Release|x86.ActiveCfg = Release|Win32
		{CF4F0587-5B37-4C6E-80D3-7C114249E326}.Release|x86.Build.0 = Release|Win32
		{EA9B3491-2592-4C31-BAF1-5458821F9495}.Debug|x64.ActiveCfg = Debug|x64
		{EA9B3491-2592-4C31-BAF1-5458821F9495}.Debug|x64.Build.0 = Debug|x64
		{EA9B3491-2592-4C31-BAF1-5458821F9495}.Debug|x86.ActiveCfg = Debug|Win32
		{EA9B3491-2592-4C31-BAF1-5458821F9495}.Debug|x86.Build.0 = Debug|Win32
		{EA9B3491-2592-4C31-BAF1-5458821F9495}.Release|x64.ActiveCfg = Release|x64
		{EA9B3491-2592-4C31-BAF1-5458821F9495}.Release|x64.Build.0 = Release|x64
		{EA9B3491-2592-4C31-BAF1-5458821F9495}.Release|x86.ActiveCfg = Release|Win32
		{EA9B3491-2592-4C31-BAF1-5458821F9495}.Release|x86.Build.0 = Release|Win32
		{ED0DFE5D-D9C6-4689-B01E-571D1EB7B9F0}.Debug|x64.ActiveCfg = Debug|x64
		{ED0DFE5D-D9C6-4689-B01E-571D1EB7B9F0}.Debug|x64.Build.0 = Debug|x64
		{ED0DFE5D-D9C6-4689-B01E-571D1EB7B9F0}.Debug|x86.ActiveCfg = Debug|Win32
		{ED0DFE5D-D9C6-4689-B01E-571D1EB7B9F0}.Debug|x86.Build.0 = Debug|Win32
		{ED0DFE5D-D9C6-4689-B01E-571D1EB7B9F0}.Release|x64.ActiveCfg = Release|x64
		{ED0DFE5D-D9C6-4689-B01E-571D1EB7B9F0}.Release|x64.Build.0 = Release|x64
		{ED0DFE5D-D9C6-4689-B01E-571D1EB7B9F0}.Release|x86.ActiveCfg = Release|Win32
		{ED0DFE5D-D9C6-4689-B01E-571D1EB7B9F0}.Release|x86.Build.0 = Release|Win32
		{C85AEF82-5032-4ED0-88E8-FB6F65C73FC7}.Debug|x64.ActiveCfg = Debug|x64
		{C85AEF82-5032-4ED0-88E8-FB6F65C73FC7}.Debug|x64.Build.0 = Debug|x64
		{C85AEF82-5032-4ED0-88E8-FB6F65C73FC7}.Debug|x86.ActiveCfg = Debug|Win32
		{C85AEF82-5032-4ED0-88E8-FB6F65C73FC7}.Debug|x86.Build.0 = Debug|Win32
		{C85AEF82-5032-4ED0-88E8-FB6F65C73FC7}.Release|x64.ActiveCfg = Release|x64
		{C85AEF82-5032-4ED0-88E8-FB6F65C73FC7}.Release|x64.Build.0 = Release|x64
		{C85AEF82-5032-4ED0-88E8-FB6F65C73FC7}.Release|x86.ActiveCfg = Release|Win32
		{C85AEF82-5032-4ED0-88E8-FB6F65C73FC7}.Release|x86.Build.0 = Release|Win32
		{F5273A5E-AFC1-4B30-BE39-DEB84F642924}.Debug|x64.ActiveCfg = Debug|x64
		{F5273A5E-AFC1-4B30-BE39-DEB84F642924}.Debug|x64.Build.0 = Debug|x64
		{F5273A5E-AFC1-4B30-BE39-DEB84F642924}.Debug|x86.ActiveCfg = Debug|Win32
		{F5273A5E-AFC1-4B30-BE39-DEB84F642924}.Debug|x86.Build.0 = Debug|Win32
		{F5273A5E-AFC1-4B30-BE39-DEB84F642924}.Release|x64.ActiveCfg = Release|x64
		{F5273A5E-AFC1-4B30-BE39-DEB84F642924}.Release|x64.Build.0 = Release|x64
		{F5273A5E-AFC1-4B30-BE39-DEB84F642924}.Release|x86.ActiveCfg = Release|Win32
		{F5273A5E-AFC1-4B30-BE39-DEB84F642924}.Release|x86.Build.0 = Release|Win32
		{98981D84-8498-4961-A656-273072427F51}.Debug|x64.ActiveCfg = Debug|x64
		{98981D84-8498-4961-A656-273072427F51}.Debug|x64.Build.0 = Debug|x64
		{98981D84-8498-4961-A656-273072427F51}.Debug|x86.ActiveCfg = Debug|Win32
		{98981D84-8498-4961-A656-273072427F51}.Debug|x86.Build.0 = Debug|Win32
		{98981D84-8498-4961-A656-273072427F51}.Release|x64.ActiveCfg = Release|x64
		{98981D84-8498-4961-A656-273072427F51}.Release|x64.Build.0 = Release|x64
		{98981D84-8498-4961-A656-273072427F51}.Release|x86.ActiveCfg = Release|Win32
		{98981D84-8498-4961-A656-273072427F51}.Release|x86.Build.0 = Release|Win32
	EndGlobalSection
	GlobalSection(SolutionProperties) = preSolution
		HideSolutionNode = FALSE
	EndGlobalSection
	GlobalSection(ExtensibilityGlobals) = postSolution
		SolutionGuid = {9B534FE6-E86C-4C46-B894-750368E856EE}
	EndGlobalSection
EndGlobal
